
Microsoft Visual Studio Solution File, Format Version 12.00
# Visual Studio Version 17
VisualStudioVersion = 17.0.31903.59
MinimumVisualStudioVersion = 10.0.40219.1
Project("{2150E333-8FDC-42A3-9474-1A3956D46DE8}") = "src", "src", "{827E0CD3-B72D-47B6-A68D-7590B98EB39B}"
EndProject
Project("{FAE04EC0-301F-11D3-BF4B-00C04F79EFBC}") = "Indexed.Abstractions", "src\Indexed.Abstractions\Indexed.Abstractions.csproj", "{9AAB446A-7E02-405F-9439-29A01924FA24}"
EndProject
Project("{2150E333-8FDC-42A3-9474-1A3956D46DE8}") = "tests", "tests", "{0AB3BF05-4346-4AA6-1389-037BE0695223}"
EndProject
Project("{FAE04EC0-301F-11D3-BF4B-00C04F79EFBC}") = "Indexed.Abstractions.Tests", "tests\Indexed.Abstractions.Tests\Indexed.Abstractions.Tests.csproj", "{EDE9B664-181E-4CD5-A234-8EEBFEBDE188}"
EndProject
Project("{FAE04EC0-301F-11D3-BF4B-00C04F79EFBC}") = "Indexed.Git", "src\Indexed.Git\Indexed.Git.csproj", "{6D5CCC81-3A1A-424D-AA5C-9D960080D6F5}"
EndProject
Project("{FAE04EC0-301F-11D3-BF4B-00C04F79EFBC}") = "Indexed.Service", "src\Indexed.Service\Indexed.Service.csproj", "{8C8DEDE3-2B44-41FD-8702-4794BE858441}"
EndProject
Project("{FAE04EC0-301F-11D3-BF4B-00C04F79EFBC}") = "Indexed.Cli", "src\Indexed.Cli\Indexed.Cli.csproj", "{C8F75C54-760D-418A-810C-FD2D69928BB3}"
EndProject
Project("{FAE04EC0-301F-11D3-BF4B-00C04F79EFBC}") = "Indexed.Git.Tests", "tests\Indexed.Git.Tests\Indexed.Git.Tests.csproj", "{D3FBDE69-0093-4865-B7C9-F4507E803EFB}"
EndProject
Project("{FAE04EC0-301F-11D3-BF4B-00C04F79EFBC}") = "Indexed.Service.Tests", "tests\Indexed.Service.Tests\Indexed.Service.Tests.csproj", "{39119DDF-3675-4806-93DF-B3DE04FF3A3E}"
EndProject
Project("{FAE04EC0-301F-11D3-BF4B-00C04F79EFBC}") = "Indexed.Cli.Tests", "tests\Indexed.Cli.Tests\Indexed.Cli.Tests.csproj", "{66230E27-91C3-4F56-8FAF-2CD287535456}"
EndProject
Project("{FAE04EC0-301F-11D3-BF4B-00C04F79EFBC}") = "Indexed.Core", "src\Indexed.Core\Indexed.Core.csproj", "{AAD068C8-BB16-45C3-AE6F-95984C066CD0}"
EndProject
Project("{FAE04EC0-301F-11D3-BF4B-00C04F79EFBC}") = "Indexed.Core.Tests", "tests\Indexed.Core.Tests\Indexed.Core.Tests.csproj", "{8BC7E281-CF81-4EAB-94E3-BFD57757A78D}"
EndProject
Global
	GlobalSection(SolutionConfigurationPlatforms) = preSolution
		Debug|Any CPU = Debug|Any CPU
		Debug|x64 = Debug|x64
		Debug|x86 = Debug|x86
		Release|Any CPU = Release|Any CPU
		Release|x64 = Release|x64
		Release|x86 = Release|x86
	EndGlobalSection
	GlobalSection(ProjectConfigurationPlatforms) = postSolution
		{9AAB446A-7E02-405F-9439-29A01924FA24}.Debug|Any CPU.ActiveCfg = Debug|Any CPU
		{9AAB446A-7E02-405F-9439-29A01924FA24}.Debug|Any CPU.Build.0 = Debug|Any CPU
		{9AAB446A-7E02-405F-9439-29A01924FA24}.Debug|x64.ActiveCfg = Debug|Any CPU
		{9AAB446A-7E02-405F-9439-29A01924FA24}.Debug|x64.Build.0 = Debug|Any CPU
		{9AAB446A-7E02-405F-9439-29A01924FA24}.Debug|x86.ActiveCfg = Debug|Any CPU
		{9AAB446A-7E02-405F-9439-29A01924FA24}.Debug|x86.Build.0 = Debug|Any CPU
		{9AAB446A-7E02-405F-9439-29A01924FA24}.Release|Any CPU.ActiveCfg = Release|Any CPU
		{9AAB446A-7E02-405F-9439-29A01924FA24}.Release|Any CPU.Build.0 = Release|Any CPU
		{9AAB446A-7E02-405F-9439-29A01924FA24}.Release|x64.ActiveCfg = Release|Any CPU
		{9AAB446A-7E02-405F-9439-29A01924FA24}.Release|x64.Build.0 = Release|Any CPU
		{9AAB446A-7E02-405F-9439-29A01924FA24}.Release|x86.ActiveCfg = Release|Any CPU
		{9AAB446A-7E02-405F-9439-29A01924FA24}.Release|x86.Build.0 = Release|Any CPU
		{EDE9B664-181E-4CD5-A234-8EEBFEBDE188}.Debug|Any CPU.ActiveCfg = Debug|Any CPU
		{EDE9B664-181E-4CD5-A234-8EEBFEBDE188}.Debug|Any CPU.Build.0 = Debug|Any CPU
		{EDE9B664-181E-4CD5-A234-8EEBFEBDE188}.Debug|x64.ActiveCfg = Debug|Any CPU
		{EDE9B664-181E-4CD5-A234-8EEBFEBDE188}.Debug|x64.Build.0 = Debug|Any CPU
		{EDE9B664-181E-4CD5-A234-8EEBFEBDE188}.Debug|x86.ActiveCfg = Debug|Any CPU
		{EDE9B664-181E-4CD5-A234-8EEBFEBDE188}.Debug|x86.Build.0 = Debug|Any CPU
		{EDE9B664-181E-4CD5-A234-8EEBFEBDE188}.Release|Any CPU.ActiveCfg = Release|Any CPU
		{EDE9B664-181E-4CD5-A234-8EEBFEBDE188}.Release|Any CPU.Build.0 = Release|Any CPU
		{EDE9B664-181E-4CD5-A234-8EEBFEBDE188}.Release|x64.ActiveCfg = Release|Any CPU
		{EDE9B664-181E-4CD5-A234-8EEBFEBDE188}.Release|x64.Build.0 = Release|Any CPU
		{EDE9B664-181E-4CD5-A234-8EEBFEBDE188}.Release|x86.ActiveCfg = Release|Any CPU
		{EDE9B664-181E-4CD5-A234-8EEBFEBDE188}.Release|x86.Build.0 = Release|Any CPU
		{6D5CCC81-3A1A-424D-AA5C-9D960080D6F5}.Debug|Any CPU.ActiveCfg = Debug|Any CPU
		{6D5CCC81-3A1A-424D-AA5C-9D960080D6F5}.Debug|Any CPU.Build.0 = Debug|Any CPU
		{6D5CCC81-3A1A-424D-AA5C-9D960080D6F5}.Debug|x64.ActiveCfg = Debug|Any CPU
		{6D5CCC81-3A1A-424D-AA5C-9D960080D6F5}.Debug|x64.Build.0 = Debug|Any CPU
		{6D5CCC81-3A1A-424D-AA5C-9D960080D6F5}.Debug|x86.ActiveCfg = Debug|Any CPU
		{6D5CCC81-3A1A-424D-AA5C-9D960080D6F5}.Debug|x86.Build.0 = Debug|Any CPU
		{6D5CCC81-3A1A-424D-AA5C-9D960080D6F5}.Release|Any CPU.ActiveCfg = Release|Any CPU
		{6D5CCC81-3A1A-424D-AA5C-9D960080D6F5}.Release|Any CPU.Build.0 = Release|Any CPU
		{6D5CCC81-3A1A-424D-AA5C-9D960080D6F5}.Release|x64.ActiveCfg = Release|Any CPU
		{6D5CCC81-3A1A-424D-AA5C-9D960080D6F5}.Release|x64.Build.0 = Release|Any CPU
		{6D5CCC81-3A1A-424D-AA5C-9D960080D6F5}.Release|x86.ActiveCfg = Release|Any CPU
		{6D5CCC81-3A1A-424D-AA5C-9D960080D6F5}.Release|x86.Build.0 = Release|Any CPU
		{8C8DEDE3-2B44-41FD-8702-4794BE858441}.Debug|Any CPU.ActiveCfg = Debug|Any CPU
		{8C8DEDE3-2B44-41FD-8702-4794BE858441}.Debug|Any CPU.Build.0 = Debug|Any CPU
		{8C8DEDE3-2B44-41FD-8702-4794BE858441}.Debug|x64.ActiveCfg = Debug|Any CPU
		{8C8DEDE3-2B44-41FD-8702-4794BE858441}.Debug|x64.Build.0 = Debug|Any CPU
		{8C8DEDE3-2B44-41FD-8702-4794BE858441}.Debug|x86.ActiveCfg = Debug|Any CPU
		{8C8DEDE3-2B44-41FD-8702-4794BE858441}.Debug|x86.Build.0 = Debug|Any CPU
		{8C8DEDE3-2B44-41FD-8702-4794BE858441}.Release|Any CPU.ActiveCfg = Release|Any CPU
		{8C8DEDE3-2B44-41FD-8702-4794BE858441}.Release|Any CPU.Build.0 = Release|Any CPU
		{8C8DEDE3-2B44-41FD-8702-4794BE858441}.Release|x64.ActiveCfg = Release|Any CPU
		{8C8DEDE3-2B44-41FD-8702-4794BE858441}.Release|x64.Build.0 = Release|Any CPU
		{8C8DEDE3-2B44-41FD-8702-4794BE858441}.Release|x86.ActiveCfg = Release|Any CPU
		{8C8DEDE3-2B44-41FD-8702-4794BE858441}.Release|x86.Build.0 = Release|Any CPU
		{C8F75C54-760D-418A-810C-FD2D69928BB3}.Debug|Any CPU.ActiveCfg = Debug|Any CPU
		{C8F75C54-760D-418A-810C-FD2D69928BB3}.Debug|Any CPU.Build.0 = Debug|Any CPU
		{C8F75C54-760D-418A-810C-FD2D69928BB3}.Debug|x64.ActiveCfg = Debug|Any CPU
		{C8F75C54-760D-418A-810C-FD2D69928BB3}.Debug|x64.Build.0 = Debug|Any CPU
		{C8F75C54-760D-418A-810C-FD2D69928BB3}.Debug|x86.ActiveCfg = Debug|Any CPU
		{C8F75C54-760D-418A-810C-FD2D69928BB3}.Debug|x86.Build.0 = Debug|Any CPU
		{C8F75C54-760D-418A-810C-FD2D69928BB3}.Release|Any CPU.ActiveCfg = Release|Any CPU
		{C8F75C54-760D-418A-810C-FD2D69928BB3}.Release|Any CPU.Build.0 = Release|Any CPU
		{C8F75C54-760D-418A-810C-FD2D69928BB3}.Release|x64.ActiveCfg = Release|Any CPU
		{C8F75C54-760D-418A-810C-FD2D69928BB3}.Release|x64.Build.0 = Release|Any CPU
		{C8F75C54-760D-418A-810C-FD2D69928BB3}.Release|x86.ActiveCfg = Release|Any CPU
		{C8F75C54-760D-418A-810C-FD2D69928BB3}.Release|x86.Build.0 = Release|Any CPU
		{D3FBDE69-0093-4865-B7C9-F4507E803EFB}.Debug|Any CPU.ActiveCfg = Debug|Any CPU
		{D3FBDE69-0093-4865-B7C9-F4507E803EFB}.Debug|Any CPU.Build.0 = Debug|Any CPU
		{D3FBDE69-0093-4865-B7C9-F4507E803EFB}.Debug|x64.ActiveCfg = Debug|Any CPU
		{D3FBDE69-0093-4865-B7C9-F4507E803EFB}.Debug|x64.Build.0 = Debug|Any CPU
		{D3FBDE69-0093-4865-B7C9-F4507E803EFB}.Debug|x86.ActiveCfg = Debug|Any CPU
		{D3FBDE69-0093-4865-B7C9-F4507E803EFB}.Debug|x86.Build.0 = Debug|Any CPU
		{D3FBDE69-0093-4865-B7C9-F4507E803EFB}.Release|Any CPU.ActiveCfg = Release|Any CPU
		{D3FBDE69-0093-4865-B7C9-F4507E803EFB}.Release|Any CPU.Build.0 = Release|Any CPU
		{D3FBDE69-0093-4865-B7C9-F4507E803EFB}.Release|x64.ActiveCfg = Release|Any CPU
		{D3FBDE69-0093-4865-B7C9-F4507E803EFB}.Release|x64.Build.0 = Release|Any CPU
		{D3FBDE69-0093-4865-B7C9-F4507E803EFB}.Release|x86.ActiveCfg = Release|Any CPU
		{D3FBDE69-0093-4865-B7C9-F4507E803EFB}.Release|x86.Build.0 = Release|Any CPU
		{39119DDF-3675-4806-93DF-B3DE04FF3A3E}.Debug|Any CPU.ActiveCfg = Debug|Any CPU
		{39119DDF-3675-4806-93DF-B3DE04FF3A3E}.Debug|Any CPU.Build.0 = Debug|Any CPU
		{39119DDF-3675-4806-93DF-B3DE04FF3A3E}.Debug|x64.ActiveCfg = Debug|Any CPU
		{39119DDF-3675-4806-93DF-B3DE04FF3A3E}.Debug|x64.Build.0 = Debug|Any CPU
		{39119DDF-3675-4806-93DF-B3DE04FF3A3E}.Debug|x86.ActiveCfg = Debug|Any CPU
		{39119DDF-3675-4806-93DF-B3DE04FF3A3E}.Debug|x86.Build.0 = Debug|Any CPU
		{39119DDF-3675-4806-93DF-B3DE04FF3A3E}.Release|Any CPU.ActiveCfg = Release|Any CPU
		{39119DDF-3675-4806-93DF-B3DE04FF3A3E}.Release|Any CPU.Build.0 = Release|Any CPU
		{39119DDF-3675-4806-93DF-B3DE04FF3A3E}.Release|x64.ActiveCfg = Release|Any CPU
		{39119DDF-3675-4806-93DF-B3DE04FF3A3E}.Release|x64.Build.0 = Release|Any CPU
		{39119DDF-3675-4806-93DF-B3DE04FF3A3E}.Release|x86.ActiveCfg = Release|Any CPU
		{39119DDF-3675-4806-93DF-B3DE04FF3A3E}.Release|x86.Build.0 = Release|Any CPU
		{66230E27-91C3-4F56-8FAF-2CD287535456}.Debug|Any CPU.ActiveCfg = Debug|Any CPU
		{66230E27-91C3-4F56-8FAF-2CD287535456}.Debug|Any CPU.Build.0 = Debug|Any CPU
		{66230E27-91C3-4F56-8FAF-2CD287535456}.Debug|x64.ActiveCfg = Debug|Any CPU
		{66230E27-91C3-4F56-8FAF-2CD287535456}.Debug|x64.Build.0 = Debug|Any CPU
		{66230E27-91C3-4F56-8FAF-2CD287535456}.Debug|x86.ActiveCfg = Debug|Any CPU
		{66230E27-91C3-4F56-8FAF-2CD287535456}.Debug|x86.Build.0 = Debug|Any CPU
		{66230E27-91C3-4F56-8FAF-2CD287535456}.Release|Any CPU.ActiveCfg = Release|Any CPU
		{66230E27-91C3-4F56-8FAF-2CD287535456}.Release|Any CPU.Build.0 = Release|Any CPU
		{66230E27-91C3-4F56-8FAF-2CD287535456}.Release|x64.ActiveCfg = Release|Any CPU
		{66230E27-91C3-4F56-8FAF-2CD287535456}.Release|x64.Build.0 = Release|Any CPU
		{66230E27-91C3-4F56-8FAF-2CD287535456}.Release|x86.ActiveCfg = Release|Any CPU
		{66230E27-91C3-4F56-8FAF-2CD287535456}.Release|x86.Build.0 = Release|Any CPU
		{AAD068C8-BB16-45C3-AE6F-95984C066CD0}.Debug|Any CPU.ActiveCfg = Debug|Any CPU
		{AAD068C8-BB16-45C3-AE6F-95984C066CD0}.Debug|Any CPU.Build.0 = Debug|Any CPU
		{AAD068C8-BB16-45C3-AE6F-95984C066CD0}.Debug|x64.ActiveCfg = Debug|Any CPU
		{AAD068C8-BB16-45C3-AE6F-95984C066CD0}.Debug|x64.Build.0 = Debug|Any CPU
		{AAD068C8-BB16-45C3-AE6F-95984C066CD0}.Debug|x86.ActiveCfg = Debug|Any CPU
		{AAD068C8-BB16-45C3-AE6F-95984C066CD0}.Debug|x86.Build.0 = Debug|Any CPU
		{AAD068C8-BB16-45C3-AE6F-95984C066CD0}.Release|Any CPU.ActiveCfg = Release|Any CPU
		{AAD068C8-BB16-45C3-AE6F-95984C066CD0}.Release|Any CPU.Build.0 = Release|Any CPU
		{AAD068C8-BB16-45C3-AE6F-95984C066CD0}.Release|x64.ActiveCfg = Release|Any CPU
		{AAD068C8-BB16-45C3-AE6F-95984C066CD0}.Release|x64.Build.0 = Release|Any CPU
		{AAD068C8-BB16-45C3-AE6F-95984C066CD0}.Release|x86.ActiveCfg = Release|Any CPU
		{AAD068C8-BB16-45C3-AE6F-95984C066CD0}.Release|x86.Build.0 = Release|Any CPU
		{8BC7E281-CF81-4EAB-94E3-BFD57757A78D}.Debug|Any CPU.ActiveCfg = Debug|Any CPU
		{8BC7E281-CF81-4EAB-94E3-BFD57757A78D}.Debug|Any CPU.Build.0 = Debug|Any CPU
		{8BC7E281-CF81-4EAB-94E3-BFD57757A78D}.Debug|x64.ActiveCfg = Debug|Any CPU
		{8BC7E281-CF81-4EAB-94E3-BFD57757A78D}.Debug|x64.Build.0 = Debug|Any CPU
		{8BC7E281-CF81-4EAB-94E3-BFD57757A78D}.Debug|x86.ActiveCfg = Debug|Any CPU
		{8BC7E281-CF81-4EAB-94E3-BFD57757A78D}.Debug|x86.Build.0 = Debug|Any CPU
		{8BC7E281-CF81-4EAB-94E3-BFD57757A78D}.Release|Any CPU.ActiveCfg = Release|Any CPU
		{8BC7E281-CF81-4EAB-94E3-BFD57757A78D}.Release|Any CPU.Build.0 = Release|Any CPU
		{8BC7E281-CF81-4EAB-94E3-BFD57757A78D}.Release|x64.ActiveCfg = Release|Any CPU
		{8BC7E281-CF81-4EAB-94E3-BFD57757A78D}.Release|x64.Build.0 = Release|Any CPU
		{8BC7E281-CF81-4EAB-94E3-BFD57757A78D}.Release|x86.ActiveCfg = Release|Any CPU
		{8BC7E281-CF81-4EAB-94E3-BFD57757A78D}.Release|x86.Build.0 = Release|Any CPU
	EndGlobalSection
	GlobalSection(SolutionProperties) = preSolution
		HideSolutionNode = FALSE
	EndGlobalSection
	GlobalSection(NestedProjects) = preSolution
		{9AAB446A-7E02-405F-9439-29A01924FA24} = {827E0CD3-B72D-47B6-A68D-7590B98EB39B}
		{EDE9B664-181E-4CD5-A234-8EEBFEBDE188} = {0AB3BF05-4346-4AA6-1389-037BE0695223}
		{6D5CCC81-3A1A-424D-AA5C-9D960080D6F5} = {827E0CD3-B72D-47B6-A68D-7590B98EB39B}
		{8C8DEDE3-2B44-41FD-8702-4794BE858441} = {827E0CD3-B72D-47B6-A68D-7590B98EB39B}
		{C8F75C54-760D-418A-810C-FD2D69928BB3} = {827E0CD3-B72D-47B6-A68D-7590B98EB39B}
		{D3FBDE69-0093-4865-B7C9-F4507E803EFB} = {0AB3BF05-4346-4AA6-1389-037BE0695223}
		{39119DDF-3675-4806-93DF-B3DE04FF3A3E} = {0AB3BF05-4346-4AA6-1389-037BE0695223}
		{66230E27-91C3-4F56-8FAF-2CD287535456} = {0AB3BF05-4346-4AA6-1389-037BE0695223}
		{AAD068C8-BB16-45C3-AE6F-95984C066CD0} = {827E0CD3-B72D-47B6-A68D-7590B98EB39B}
		{8BC7E281-CF81-4EAB-94E3-BFD57757A78D} = {0AB3BF05-4346-4AA6-1389-037BE0695223}
	EndGlobalSection
EndGlobal
